
Microsoft Visual Studio Solution File, Format Version 12.00
# Visual Studio 15
VisualStudioVersion = 15.0.28307.489
MinimumVisualStudioVersion = 10.0.40219.1
Project("{9A19103F-16F7-4668-BE54-9A1E7A4F7556}") = "ScribrAPI", "ScribrAPI\ScribrAPI.csproj", "{86F5BA87-68BA-48EB-BC53-41CEE6EC9A6B}"
EndProject
Global
	GlobalSection(SolutionConfigurationPlatforms) = preSolution
		Debug|Any CPU = Debug|Any CPU
		Release|Any CPU = Release|Any CPU
	EndGlobalSection
	GlobalSection(ProjectConfigurationPlatforms) = postSolution
		{86F5BA87-68BA-48EB-BC53-41CEE6EC9A6B}.Debug|Any CPU.ActiveCfg = Debug|Any CPU
		{86F5BA87-68BA-48EB-BC53-41CEE6EC9A6B}.Debug|Any CPU.Build.0 = Debug|Any CPU
		{86F5BA87-68BA-48EB-BC53-41CEE6EC9A6B}.Release|Any CPU.ActiveCfg = Release|Any CPU
		{86F5BA87-68BA-48EB-BC53-41CEE6EC9A6B}.Release|Any CPU.Build.0 = Release|Any CPU
	EndGlobalSection
	GlobalSection(SolutionProperties) = preSolution
		HideSolutionNode = FALSE
	EndGlobalSection
	GlobalSection(ExtensibilityGlobals) = postSolution
		SolutionGuid = {5969B217-22F3-4DD1-8BF8-D2B66C0719EB}
	EndGlobalSection
EndGlobal
